// !$*UTF8*$!
{
	archiveVersion = 1;
	classes = {
	};
	objectVersion = 48;
	objects = {

/* Begin PBXBuildFile section */
		5869511B1F8031E0007998B9 /* AppDelegate.swift in Sources */ = {isa = PBXBuildFile; fileRef = 5869511A1F8031E0007998B9 /* AppDelegate.swift */; };
		586951201F8031E0007998B9 /* Main.storyboard in Resources */ = {isa = PBXBuildFile; fileRef = 5869511E1F8031E0007998B9 /* Main.storyboard */; };
		586951221F8031E0007998B9 /* Assets.xcassets in Resources */ = {isa = PBXBuildFile; fileRef = 586951211F8031E0007998B9 /* Assets.xcassets */; };
		586951251F8031E0007998B9 /* LaunchScreen.storyboard in Resources */ = {isa = PBXBuildFile; fileRef = 586951231F8031E0007998B9 /* LaunchScreen.storyboard */; };
		5869512E1F80325E007998B9 /* TweetTableViewController.swift in Sources */ = {isa = PBXBuildFile; fileRef = 5869512D1F80325E007998B9 /* TweetTableViewController.swift */; };
		586951351F803977007998B9 /* Twitter.framework in Frameworks */ = {isa = PBXBuildFile; fileRef = 586951311F803906007998B9 /* Twitter.framework */; };
		586951361F803977007998B9 /* Twitter.framework in Embed Frameworks */ = {isa = PBXBuildFile; fileRef = 586951311F803906007998B9 /* Twitter.framework */; settings = {ATTRIBUTES = (CodeSignOnCopy, RemoveHeadersOnCopy, ); }; };
		586951391F804447007998B9 /* TweetTableViewCell.swift in Sources */ = {isa = PBXBuildFile; fileRef = 586951381F804447007998B9 /* TweetTableViewCell.swift */; };
		58D57D341F8AE789004A405F /* MentionsPopularityTableViewController.swift in Sources */ = {isa = PBXBuildFile; fileRef = 58D57D331F8AE789004A405F /* MentionsPopularityTableViewController.swift */; };
		58D57D361F8AF195004A405F /* TwitterMention.swift in Sources */ = {isa = PBXBuildFile; fileRef = 58D57D351F8AF195004A405F /* TwitterMention.swift */; };
		58E01E551F83548A00BD7791 /* TweetMentionsTableViewController.swift in Sources */ = {isa = PBXBuildFile; fileRef = 58E01E541F83548A00BD7791 /* TweetMentionsTableViewController.swift */; };
		58E01E571F8990C800BD7791 /* TweetMentionsImageCellTableViewCell.swift in Sources */ = {isa = PBXBuildFile; fileRef = 58E01E561F8990C800BD7791 /* TweetMentionsImageCellTableViewCell.swift */; };
		58E01E591F89A9DC00BD7791 /* TweetMentionUrlTableViewCell.swift in Sources */ = {isa = PBXBuildFile; fileRef = 58E01E581F89A9DC00BD7791 /* TweetMentionUrlTableViewCell.swift */; };
		58E01E5B1F89ADC200BD7791 /* TweetLargeImageViewController.swift in Sources */ = {isa = PBXBuildFile; fileRef = 58E01E5A1F89ADC200BD7791 /* TweetLargeImageViewController.swift */; };
		58E01E5D1F89B99B00BD7791 /* TweetTabBarController.swift in Sources */ = {isa = PBXBuildFile; fileRef = 58E01E5C1F89B99B00BD7791 /* TweetTabBarController.swift */; };
		58E01E5F1F89BB9200BD7791 /* TweetSearchHistoryViewController.swift in Sources */ = {isa = PBXBuildFile; fileRef = 58E01E5E1F89BB9200BD7791 /* TweetSearchHistoryViewController.swift */; };
		58E01E611F89D7A900BD7791 /* SearchHistory.swift in Sources */ = {isa = PBXBuildFile; fileRef = 58E01E601F89D7A900BD7791 /* SearchHistory.swift */; };
		58E5D0C01F81B34300546954 /* Smash.xcdatamodeld in Sources */ = {isa = PBXBuildFile; fileRef = 58E5D0BE1F81B34300546954 /* Smash.xcdatamodeld */; };
		58E5D0C21F81B70500546954 /* Tweet.swift in Sources */ = {isa = PBXBuildFile; fileRef = 58E5D0C11F81B70500546954 /* Tweet.swift */; };
		58E5D0C41F81B75700546954 /* TwitterUser.swift in Sources */ = {isa = PBXBuildFile; fileRef = 58E5D0C31F81B75700546954 /* TwitterUser.swift */; };
		58E5D0C61F81B8A100546954 /* SmashTweetTableViewController.swift in Sources */ = {isa = PBXBuildFile; fileRef = 58E5D0C51F81B8A100546954 /* SmashTweetTableViewController.swift */; };
		58E5D0C81F81C5D000546954 /* SmashTweetersTableViewController.swift in Sources */ = {isa = PBXBuildFile; fileRef = 58E5D0C71F81C5D000546954 /* SmashTweetersTableViewController.swift */; };
		58E5D0CA1F81EE3F00546954 /* FetchedResultsTableViewController.swift in Sources */ = {isa = PBXBuildFile; fileRef = 58E5D0C91F81EE3F00546954 /* FetchedResultsTableViewController.swift */; };
		58E5D0CC1F81EFAA00546954 /* UITableViewDataSource+NSFetchedResultsController.swift in Sources */ = {isa = PBXBuildFile; fileRef = 58E5D0CB1F81EFAA00546954 /* UITableViewDataSource+NSFetchedResultsController.swift */; };
/* End PBXBuildFile section */

/* Begin PBXCopyFilesBuildPhase section */
		586951371F803977007998B9 /* Embed Frameworks */ = {
			isa = PBXCopyFilesBuildPhase;
			buildActionMask = 2147483647;
			dstPath = "";
			dstSubfolderSpec = 10;
			files = (
				586951361F803977007998B9 /* Twitter.framework in Embed Frameworks */,
			);
			name = "Embed Frameworks";
			runOnlyForDeploymentPostprocessing = 0;
		};
/* End PBXCopyFilesBuildPhase section */

/* Begin PBXFileReference section */
		586951171F8031E0007998B9 /* SmashTag.app */ = {isa = PBXFileReference; explicitFileType = wrapper.application; includeInIndex = 0; path = SmashTag.app; sourceTree = BUILT_PRODUCTS_DIR; };
		5869511A1F8031E0007998B9 /* AppDelegate.swift */ = {isa = PBXFileReference; lastKnownFileType = sourcecode.swift; path = AppDelegate.swift; sourceTree = "<group>"; };
		5869511F1F8031E0007998B9 /* Base */ = {isa = PBXFileReference; lastKnownFileType = file.storyboard; name = Base; path = Base.lproj/Main.storyboard; sourceTree = "<group>"; };
		586951211F8031E0007998B9 /* Assets.xcassets */ = {isa = PBXFileReference; lastKnownFileType = folder.assetcatalog; path = Assets.xcassets; sourceTree = "<group>"; };
		586951241F8031E0007998B9 /* Base */ = {isa = PBXFileReference; lastKnownFileType = file.storyboard; name = Base; path = Base.lproj/LaunchScreen.storyboard; sourceTree = "<group>"; };
		586951261F8031E0007998B9 /* Info.plist */ = {isa = PBXFileReference; lastKnownFileType = text.plist.xml; path = Info.plist; sourceTree = "<group>"; };
		5869512D1F80325E007998B9 /* TweetTableViewController.swift */ = {isa = PBXFileReference; lastKnownFileType = sourcecode.swift; path = TweetTableViewController.swift; sourceTree = "<group>"; };
		586951311F803906007998B9 /* Twitter.framework */ = {isa = PBXFileReference; explicitFileType = wrapper.framework; path = Twitter.framework; sourceTree = BUILT_PRODUCTS_DIR; };
		586951381F804447007998B9 /* TweetTableViewCell.swift */ = {isa = PBXFileReference; lastKnownFileType = sourcecode.swift; path = TweetTableViewCell.swift; sourceTree = "<group>"; };
		58D57D331F8AE789004A405F /* MentionsPopularityTableViewController.swift */ = {isa = PBXFileReference; lastKnownFileType = sourcecode.swift; path = MentionsPopularityTableViewController.swift; sourceTree = "<group>"; };
		58D57D351F8AF195004A405F /* TwitterMention.swift */ = {isa = PBXFileReference; lastKnownFileType = sourcecode.swift; path = TwitterMention.swift; sourceTree = "<group>"; };
		58E01E541F83548A00BD7791 /* TweetMentionsTableViewController.swift */ = {isa = PBXFileReference; lastKnownFileType = sourcecode.swift; path = TweetMentionsTableViewController.swift; sourceTree = "<group>"; };
		58E01E561F8990C800BD7791 /* TweetMentionsImageCellTableViewCell.swift */ = {isa = PBXFileReference; lastKnownFileType = sourcecode.swift; path = TweetMentionsImageCellTableViewCell.swift; sourceTree = "<group>"; };
		58E01E581F89A9DC00BD7791 /* TweetMentionUrlTableViewCell.swift */ = {isa = PBXFileReference; lastKnownFileType = sourcecode.swift; path = TweetMentionUrlTableViewCell.swift; sourceTree = "<group>"; };
		58E01E5A1F89ADC200BD7791 /* TweetLargeImageViewController.swift */ = {isa = PBXFileReference; lastKnownFileType = sourcecode.swift; path = TweetLargeImageViewController.swift; sourceTree = "<group>"; };
		58E01E5C1F89B99B00BD7791 /* TweetTabBarController.swift */ = {isa = PBXFileReference; lastKnownFileType = sourcecode.swift; path = TweetTabBarController.swift; sourceTree = "<group>"; };
		58E01E5E1F89BB9200BD7791 /* TweetSearchHistoryViewController.swift */ = {isa = PBXFileReference; lastKnownFileType = sourcecode.swift; path = TweetSearchHistoryViewController.swift; sourceTree = "<group>"; };
		58E01E601F89D7A900BD7791 /* SearchHistory.swift */ = {isa = PBXFileReference; lastKnownFileType = sourcecode.swift; path = SearchHistory.swift; sourceTree = "<group>"; };
		58E5D0BF1F81B34300546954 /* Smash.xcdatamodel */ = {isa = PBXFileReference; lastKnownFileType = wrapper.xcdatamodel; path = Smash.xcdatamodel; sourceTree = "<group>"; };
		58E5D0C11F81B70500546954 /* Tweet.swift */ = {isa = PBXFileReference; lastKnownFileType = sourcecode.swift; path = Tweet.swift; sourceTree = "<group>"; };
		58E5D0C31F81B75700546954 /* TwitterUser.swift */ = {isa = PBXFileReference; lastKnownFileType = sourcecode.swift; path = TwitterUser.swift; sourceTree = "<group>"; };
		58E5D0C51F81B8A100546954 /* SmashTweetTableViewController.swift */ = {isa = PBXFileReference; lastKnownFileType = sourcecode.swift; path = SmashTweetTableViewController.swift; sourceTree = "<group>"; };
		58E5D0C71F81C5D000546954 /* SmashTweetersTableViewController.swift */ = {isa = PBXFileReference; lastKnownFileType = sourcecode.swift; path = SmashTweetersTableViewController.swift; sourceTree = "<group>"; };
		58E5D0C91F81EE3F00546954 /* FetchedResultsTableViewController.swift */ = {isa = PBXFileReference; lastKnownFileType = sourcecode.swift; path = FetchedResultsTableViewController.swift; sourceTree = "<group>"; };
		58E5D0CB1F81EFAA00546954 /* UITableViewDataSource+NSFetchedResultsController.swift */ = {isa = PBXFileReference; lastKnownFileType = sourcecode.swift; path = "UITableViewDataSource+NSFetchedResultsController.swift"; sourceTree = "<group>"; };
/* End PBXFileReference section */

/* Begin PBXFrameworksBuildPhase section */
		586951141F8031E0007998B9 /* Frameworks */ = {
			isa = PBXFrameworksBuildPhase;
			buildActionMask = 2147483647;
			files = (
				586951351F803977007998B9 /* Twitter.framework in Frameworks */,
			);
			runOnlyForDeploymentPostprocessing = 0;
		};
/* End PBXFrameworksBuildPhase section */

/* Begin PBXGroup section */
		5869510E1F8031E0007998B9 = {
			isa = PBXGroup;
			children = (
				586951191F8031E0007998B9 /* SmashTag */,
				586951181F8031E0007998B9 /* Products */,
				5869512F1F803906007998B9 /* Frameworks */,
			);
			sourceTree = "<group>";
		};
		586951181F8031E0007998B9 /* Products */ = {
			isa = PBXGroup;
			children = (
				586951171F8031E0007998B9 /* SmashTag.app */,
			);
			name = Products;
			sourceTree = "<group>";
		};
		586951191F8031E0007998B9 /* SmashTag */ = {
			isa = PBXGroup;
			children = (
				58E5D0BE1F81B34300546954 /* Smash.xcdatamodeld */,
				58E5D0C11F81B70500546954 /* Tweet.swift */,
				58D57D351F8AF195004A405F /* TwitterMention.swift */,
				58E5D0C31F81B75700546954 /* TwitterUser.swift */,
				5869512C1F80321B007998B9 /* Supporting Files */,
				5869511E1F8031E0007998B9 /* Main.storyboard */,
				58E01E601F89D7A900BD7791 /* SearchHistory.swift */,
				58E01E5E1F89BB9200BD7791 /* TweetSearchHistoryViewController.swift */,
				58D57D331F8AE789004A405F /* MentionsPopularityTableViewController.swift */,
				58E01E5A1F89ADC200BD7791 /* TweetLargeImageViewController.swift */,
				58E01E5C1F89B99B00BD7791 /* TweetTabBarController.swift */,
				58E01E541F83548A00BD7791 /* TweetMentionsTableViewController.swift */,
				58E5D0C91F81EE3F00546954 /* FetchedResultsTableViewController.swift */,
				58E5D0C71F81C5D000546954 /* SmashTweetersTableViewController.swift */,
				586951381F804447007998B9 /* TweetTableViewCell.swift */,
				58E01E561F8990C800BD7791 /* TweetMentionsImageCellTableViewCell.swift */,
				5869512D1F80325E007998B9 /* TweetTableViewController.swift */,
				58E5D0C51F81B8A100546954 /* SmashTweetTableViewController.swift */,
				58E5D0CB1F81EFAA00546954 /* UITableViewDataSource+NSFetchedResultsController.swift */,
				586951261F8031E0007998B9 /* Info.plist */,
				58E01E581F89A9DC00BD7791 /* TweetMentionUrlTableViewCell.swift */,
			);
			path = SmashTag;
			sourceTree = "<group>";
		};
		5869512C1F80321B007998B9 /* Supporting Files */ = {
			isa = PBXGroup;
			children = (
				5869511A1F8031E0007998B9 /* AppDelegate.swift */,
				586951211F8031E0007998B9 /* Assets.xcassets */,
				586951231F8031E0007998B9 /* LaunchScreen.storyboard */,
			);
			path = "Supporting Files";
			sourceTree = "<group>";
		};
		5869512F1F803906007998B9 /* Frameworks */ = {
			isa = PBXGroup;
			children = (
				586951311F803906007998B9 /* Twitter.framework */,
			);
			name = Frameworks;
			sourceTree = "<group>";
		};
/* End PBXGroup section */

/* Begin PBXNativeTarget section */
		586951161F8031E0007998B9 /* SmashTag */ = {
			isa = PBXNativeTarget;
			buildConfigurationList = 586951291F8031E0007998B9 /* Build configuration list for PBXNativeTarget "SmashTag" */;
			buildPhases = (
				586951131F8031E0007998B9 /* Sources */,
				586951141F8031E0007998B9 /* Frameworks */,
				586951151F8031E0007998B9 /* Resources */,
				586951371F803977007998B9 /* Embed Frameworks */,
			);
			buildRules = (
			);
			dependencies = (
			);
			name = SmashTag;
			productName = SmashTag;
			productReference = 586951171F8031E0007998B9 /* SmashTag.app */;
			productType = "com.apple.product-type.application";
		};
/* End PBXNativeTarget section */

/* Begin PBXProject section */
		5869510F1F8031E0007998B9 /* Project object */ = {
			isa = PBXProject;
			attributes = {
				LastSwiftUpdateCheck = 0900;
				LastUpgradeCheck = 0900;
				ORGANIZATIONNAME = "Dong, Vincent";
				TargetAttributes = {
					586951161F8031E0007998B9 = {
						CreatedOnToolsVersion = 9.0;
						ProvisioningStyle = Automatic;
					};
				};
			};
			buildConfigurationList = 586951121F8031E0007998B9 /* Build configuration list for PBXProject "SmashTag" */;
			compatibilityVersion = "Xcode 8.0";
			developmentRegion = en;
			hasScannedForEncodings = 0;
			knownRegions = (
				en,
				Base,
			);
			mainGroup = 5869510E1F8031E0007998B9;
			productRefGroup = 586951181F8031E0007998B9 /* Products */;
			projectDirPath = "";
			projectRoot = "";
			targets = (
				586951161F8031E0007998B9 /* SmashTag */,
			);
		};
/* End PBXProject section */

/* Begin PBXResourcesBuildPhase section */
		586951151F8031E0007998B9 /* Resources */ = {
			isa = PBXResourcesBuildPhase;
			buildActionMask = 2147483647;
			files = (
				586951251F8031E0007998B9 /* LaunchScreen.storyboard in Resources */,
				586951221F8031E0007998B9 /* Assets.xcassets in Resources */,
				586951201F8031E0007998B9 /* Main.storyboard in Resources */,
			);
			runOnlyForDeploymentPostprocessing = 0;
		};
/* End PBXResourcesBuildPhase section */

/* Begin PBXSourcesBuildPhase section */
		586951131F8031E0007998B9 /* Sources */ = {
			isa = PBXSourcesBuildPhase;
			buildActionMask = 2147483647;
			files = (
				58E01E571F8990C800BD7791 /* TweetMentionsImageCellTableViewCell.swift in Sources */,
				58E01E5F1F89BB9200BD7791 /* TweetSearchHistoryViewController.swift in Sources */,
				58E5D0C61F81B8A100546954 /* SmashTweetTableViewController.swift in Sources */,
				58D57D341F8AE789004A405F /* MentionsPopularityTableViewController.swift in Sources */,
				58E5D0CA1F81EE3F00546954 /* FetchedResultsTableViewController.swift in Sources */,
				58E5D0CC1F81EFAA00546954 /* UITableViewDataSource+NSFetchedResultsController.swift in Sources */,
				5869512E1F80325E007998B9 /* TweetTableViewController.swift in Sources */,
				58D57D361F8AF195004A405F /* TwitterMention.swift in Sources */,
				58E01E5D1F89B99B00BD7791 /* TweetTabBarController.swift in Sources */,
				58E01E591F89A9DC00BD7791 /* TweetMentionUrlTableViewCell.swift in Sources */,
				58E01E551F83548A00BD7791 /* TweetMentionsTableViewController.swift in Sources */,
				58E5D0C21F81B70500546954 /* Tweet.swift in Sources */,
				58E5D0C41F81B75700546954 /* TwitterUser.swift in Sources */,
				5869511B1F8031E0007998B9 /* AppDelegate.swift in Sources */,
				58E01E5B1F89ADC200BD7791 /* TweetLargeImageViewController.swift in Sources */,
				58E5D0C01F81B34300546954 /* Smash.xcdatamodeld in Sources */,
				586951391F804447007998B9 /* TweetTableViewCell.swift in Sources */,
				58E5D0C81F81C5D000546954 /* SmashTweetersTableViewController.swift in Sources */,
				58E01E611F89D7A900BD7791 /* SearchHistory.swift in Sources */,
			);
			runOnlyForDeploymentPostprocessing = 0;
		};
/* End PBXSourcesBuildPhase section */

/* Begin PBXVariantGroup section */
		5869511E1F8031E0007998B9 /* Main.storyboard */ = {
			isa = PBXVariantGroup;
			children = (
				5869511F1F8031E0007998B9 /* Base */,
			);
			name = Main.storyboard;
			sourceTree = "<group>";
		};
		586951231F8031E0007998B9 /* LaunchScreen.storyboard */ = {
			isa = PBXVariantGroup;
			children = (
				586951241F8031E0007998B9 /* Base */,
			);
			name = LaunchScreen.storyboard;
			sourceTree = "<group>";
		};
/* End PBXVariantGroup section */

/* Begin XCBuildConfiguration section */
		586951271F8031E0007998B9 /* Debug */ = {
			isa = XCBuildConfiguration;
			buildSettings = {
				ALWAYS_SEARCH_USER_PATHS = NO;
				CLANG_ANALYZER_NONNULL = YES;
				CLANG_ANALYZER_NUMBER_OBJECT_CONVERSION = YES_AGGRESSIVE;
				CLANG_CXX_LANGUAGE_STANDARD = "gnu++14";
				CLANG_CXX_LIBRARY = "libc++";
				CLANG_ENABLE_MODULES = YES;
				CLANG_ENABLE_OBJC_ARC = YES;
				CLANG_WARN_BLOCK_CAPTURE_AUTORELEASING = YES;
				CLANG_WARN_BOOL_CONVERSION = YES;
				CLANG_WARN_COMMA = YES;
				CLANG_WARN_CONSTANT_CONVERSION = YES;
				CLANG_WARN_DIRECT_OBJC_ISA_USAGE = YES_ERROR;
				CLANG_WARN_DOCUMENTATION_COMMENTS = YES;
				CLANG_WARN_EMPTY_BODY = YES;
				CLANG_WARN_ENUM_CONVERSION = YES;
				CLANG_WARN_INFINITE_RECURSION = YES;
				CLANG_WARN_INT_CONVERSION = YES;
				CLANG_WARN_NON_LITERAL_NULL_CONVERSION = YES;
				CLANG_WARN_OBJC_LITERAL_CONVERSION = YES;
				CLANG_WARN_OBJC_ROOT_CLASS = YES_ERROR;
				CLANG_WARN_RANGE_LOOP_ANALYSIS = YES;
				CLANG_WARN_STRICT_PROTOTYPES = YES;
				CLANG_WARN_SUSPICIOUS_MOVE = YES;
				CLANG_WARN_UNGUARDED_AVAILABILITY = YES_AGGRESSIVE;
				CLANG_WARN_UNREACHABLE_CODE = YES;
				CLANG_WARN__DUPLICATE_METHOD_MATCH = YES;
				CODE_SIGN_IDENTITY = "iPhone Developer";
				COPY_PHASE_STRIP = NO;
				DEBUG_INFORMATION_FORMAT = dwarf;
				ENABLE_STRICT_OBJC_MSGSEND = YES;
				ENABLE_TESTABILITY = YES;
				GCC_C_LANGUAGE_STANDARD = gnu11;
				GCC_DYNAMIC_NO_PIC = NO;
				GCC_NO_COMMON_BLOCKS = YES;
				GCC_OPTIMIZATION_LEVEL = 0;
				GCC_PREPROCESSOR_DEFINITIONS = (
					"DEBUG=1",
					"$(inherited)",
				);
				GCC_WARN_64_TO_32_BIT_CONVERSION = YES;
				GCC_WARN_ABOUT_RETURN_TYPE = YES_ERROR;
				GCC_WARN_UNDECLARED_SELECTOR = YES;
				GCC_WARN_UNINITIALIZED_AUTOS = YES_AGGRESSIVE;
				GCC_WARN_UNUSED_FUNCTION = YES;
				GCC_WARN_UNUSED_VARIABLE = YES;
				IPHONEOS_DEPLOYMENT_TARGET = 10.3;
				MTL_ENABLE_DEBUG_INFO = YES;
				ONLY_ACTIVE_ARCH = YES;
				SDKROOT = iphoneos;
				SWIFT_ACTIVE_COMPILATION_CONDITIONS = DEBUG;
				SWIFT_OPTIMIZATION_LEVEL = "-Onone";
			};
			name = Debug;
		};
		586951281F8031E0007998B9 /* Release */ = {
			isa = XCBuildConfiguration;
			buildSettings = {
				ALWAYS_SEARCH_USER_PATHS = NO;
				CLANG_ANALYZER_NONNULL = YES;
				CLANG_ANALYZER_NUMBER_OBJECT_CONVERSION = YES_AGGRESSIVE;
				CLANG_CXX_LANGUAGE_STANDARD = "gnu++14";
				CLANG_CXX_LIBRARY = "libc++";
				CLANG_ENABLE_MODULES = YES;
				CLANG_ENABLE_OBJC_ARC = YES;
				CLANG_WARN_BLOCK_CAPTURE_AUTORELEASING = YES;
				CLANG_WARN_BOOL_CONVERSION = YES;
				CLANG_WARN_COMMA = YES;
				CLANG_WARN_CONSTANT_CONVERSION = YES;
				CLANG_WARN_DIRECT_OBJC_ISA_USAGE = YES_ERROR;
				CLANG_WARN_DOCUMENTATION_COMMENTS = YES;
				CLANG_WARN_EMPTY_BODY = YES;
				CLANG_WARN_ENUM_CONVERSION = YES;
				CLANG_WARN_INFINITE_RECURSION = YES;
				CLANG_WARN_INT_CONVERSION = YES;
				CLANG_WARN_NON_LITERAL_NULL_CONVERSION = YES;
				CLANG_WARN_OBJC_LITERAL_CONVERSION = YES;
				CLANG_WARN_OBJC_ROOT_CLASS = YES_ERROR;
				CLANG_WARN_RANGE_LOOP_ANALYSIS = YES;
				CLANG_WARN_STRICT_PROTOTYPES = YES;
				CLANG_WARN_SUSPICIOUS_MOVE = YES;
				CLANG_WARN_UNGUARDED_AVAILABILITY = YES_AGGRESSIVE;
				CLANG_WARN_UNREACHABLE_CODE = YES;
				CLANG_WARN__DUPLICATE_METHOD_MATCH = YES;
				CODE_SIGN_IDENTITY = "iPhone Developer";
				COPY_PHASE_STRIP = NO;
				DEBUG_INFORMATION_FORMAT = "dwarf-with-dsym";
				ENABLE_NS_ASSERTIONS = NO;
				ENABLE_STRICT_OBJC_MSGSEND = YES;
				GCC_C_LANGUAGE_STANDARD = gnu11;
				GCC_NO_COMMON_BLOCKS = YES;
				GCC_WARN_64_TO_32_BIT_CONVERSION = YES;
				GCC_WARN_ABOUT_RETURN_TYPE = YES_ERROR;
				GCC_WARN_UNDECLARED_SELECTOR = YES;
				GCC_WARN_UNINITIALIZED_AUTOS = YES_AGGRESSIVE;
				GCC_WARN_UNUSED_FUNCTION = YES;
				GCC_WARN_UNUSED_VARIABLE = YES;
				IPHONEOS_DEPLOYMENT_TARGET = 10.3;
				MTL_ENABLE_DEBUG_INFO = NO;
				SDKROOT = iphoneos;
				SWIFT_OPTIMIZATION_LEVEL = "-Owholemodule";
				VALIDATE_PRODUCT = YES;
			};
			name = Release;
		};
		5869512A1F8031E0007998B9 /* Debug */ = {
			isa = XCBuildConfiguration;
			buildSettings = {
				ASSETCATALOG_COMPILER_APPICON_NAME = AppIcon;
				CODE_SIGN_STYLE = Automatic;
				INFOPLIST_FILE = SmashTag/Info.plist;
				LD_RUNPATH_SEARCH_PATHS = "$(inherited) @executable_path/Frameworks";
				PRODUCT_BUNDLE_IDENTIFIER = com.vincent.SmashTag;
				PRODUCT_NAME = "$(TARGET_NAME)";
				SWIFT_VERSION = 4.0;
				TARGETED_DEVICE_FAMILY = "1,2";
			};
			name = Debug;
		};
		5869512B1F8031E0007998B9 /* Release */ = {
			isa = XCBuildConfiguration;
			buildSettings = {
				ASSETCATALOG_COMPILER_APPICON_NAME = AppIcon;
				CODE_SIGN_STYLE = Automatic;
				INFOPLIST_FILE = SmashTag/Info.plist;
				LD_RUNPATH_SEARCH_PATHS = "$(inherited) @executable_path/Frameworks";
				PRODUCT_BUNDLE_IDENTIFIER = com.vincent.SmashTag;
				PRODUCT_NAME = "$(TARGET_NAME)";
				SWIFT_VERSION = 4.0;
				TARGETED_DEVICE_FAMILY = "1,2";
			};
			name = Release;
		};
/* End XCBuildConfiguration section */

/* Begin XCConfigurationList section */
		586951121F8031E0007998B9 /* Build configuration list for PBXProject "SmashTag" */ = {
			isa = XCConfigurationList;
			buildConfigurations = (
				586951271F8031E0007998B9 /* Debug */,
				586951281F8031E0007998B9 /* Release */,
			);
			defaultConfigurationIsVisible = 0;
			defaultConfigurationName = Release;
		};
		586951291F8031E0007998B9 /* Build configuration list for PBXNativeTarget "SmashTag" */ = {
			isa = XCConfigurationList;
			buildConfigurations = (
				5869512A1F8031E0007998B9 /* Debug */,
				5869512B1F8031E0007998B9 /* Release */,
			);
			defaultConfigurationIsVisible = 0;
			defaultConfigurationName = Release;
		};
/* End XCConfigurationList section */

/* Begin XCVersionGroup section */
		58E5D0BE1F81B34300546954 /* Smash.xcdatamodeld */ = {
			isa = XCVersionGroup;
			children = (
				58E5D0BF1F81B34300546954 /* Smash.xcdatamodel */,
			);
			currentVersion = 58E5D0BF1F81B34300546954 /* Smash.xcdatamodel */;
			path = Smash.xcdatamodeld;
			sourceTree = "<group>";
			versionGroupType = wrapper.xcdatamodel;
		};
/* End XCVersionGroup section */
	};
	rootObject = 5869510F1F8031E0007998B9 /* Project object */;
}
