// !$*UTF8*$!
{
	archiveVersion = 1;
	classes = {
	};
	objectVersion = 48;
	objects = {

/* Begin PBXBuildFile section */
		58D83F231F3BBA2C0081510E /* AppDelegate.swift in Sources */ = {isa = PBXBuildFile; fileRef = 58D83F221F3BBA2C0081510E /* AppDelegate.swift */; };
		58D83F251F3BBA2C0081510E /* ViewController.swift in Sources */ = {isa = PBXBuildFile; fileRef = 58D83F241F3BBA2C0081510E /* ViewController.swift */; };
		58D83F281F3BBA2C0081510E /* Main.storyboard in Resources */ = {isa = PBXBuildFile; fileRef = 58D83F261F3BBA2C0081510E /* Main.storyboard */; };
		58D83F2A1F3BBA2C0081510E /* Assets.xcassets in Resources */ = {isa = PBXBuildFile; fileRef = 58D83F291F3BBA2C0081510E /* Assets.xcassets */; };
		58D83F2D1F3BBA2C0081510E /* LaunchScreen.storyboard in Resources */ = {isa = PBXBuildFile; fileRef = 58D83F2B1F3BBA2C0081510E /* LaunchScreen.storyboard */; };
/* End PBXBuildFile section */

/* Begin PBXFileReference section */
		58D83F1F1F3BBA2C0081510E /* FancyTableView.app */ = {isa = PBXFileReference; explicitFileType = wrapper.application; includeInIndex = 0; path = FancyTableView.app; sourceTree = BUILT_PRODUCTS_DIR; };
		58D83F221F3BBA2C0081510E /* AppDelegate.swift */ = {isa = PBXFileReference; lastKnownFileType = sourcecode.swift; path = AppDelegate.swift; sourceTree = "<group>"; };
		58D83F241F3BBA2C0081510E /* ViewController.swift */ = {isa = PBXFileReference; lastKnownFileType = sourcecode.swift; path = ViewController.swift; sourceTree = "<group>"; };
		58D83F271F3BBA2C0081510E /* Base */ = {isa = PBXFileReference; lastKnownFileType = file.storyboard; name = Base; path = Base.lproj/Main.storyboard; sourceTree = "<group>"; };
		58D83F291F3BBA2C0081510E /* Assets.xcassets */ = {isa = PBXFileReference; lastKnownFileType = folder.assetcatalog; path = Assets.xcassets; sourceTree = "<group>"; };
		58D83F2C1F3BBA2C0081510E /* Base */ = {isa = PBXFileReference; lastKnownFileType = file.storyboard; name = Base; path = Base.lproj/LaunchScreen.storyboard; sourceTree = "<group>"; };
		58D83F2E1F3BBA2C0081510E /* Info.plist */ = {isa = PBXFileReference; lastKnownFileType = text.plist.xml; path = Info.plist; sourceTree = "<group>"; };
/* End PBXFileReference section */

/* Begin PBXFrameworksBuildPhase section */
		58D83F1C1F3BBA2C0081510E /* Frameworks */ = {
			isa = PBXFrameworksBuildPhase;
			buildActionMask = 2147483647;
			files = (
			);
			runOnlyForDeploymentPostprocessing = 0;
		};
/* End PBXFrameworksBuildPhase section */

/* Begin PBXGroup section */
		58D83F161F3BBA2C0081510E = {
			isa = PBXGroup;
			children = (
				58D83F211F3BBA2C0081510E /* FancyTableView */,
				58D83F201F3BBA2C0081510E /* Products */,
			);
			sourceTree = "<group>";
		};
		58D83F201F3BBA2C0081510E /* Products */ = {
			isa = PBXGroup;
			children = (
				58D83F1F1F3BBA2C0081510E /* FancyTableView.app */,
			);
			name = Products;
			sourceTree = "<group>";
		};
		58D83F211F3BBA2C0081510E /* FancyTableView */ = {
			isa = PBXGroup;
			children = (
				58D83F341F3BBA3F0081510E /* Supporting Files */,
				58D83F241F3BBA2C0081510E /* ViewController.swift */,
				58D83F261F3BBA2C0081510E /* Main.storyboard */,
				58D83F2E1F3BBA2C0081510E /* Info.plist */,
			);
			path = FancyTableView;
			sourceTree = "<group>";
		};
		58D83F341F3BBA3F0081510E /* Supporting Files */ = {
			isa = PBXGroup;
			children = (
				58D83F221F3BBA2C0081510E /* AppDelegate.swift */,
				58D83F291F3BBA2C0081510E /* Assets.xcassets */,
				58D83F2B1F3BBA2C0081510E /* LaunchScreen.storyboard */,
			);
			path = "Supporting Files";
			sourceTree = "<group>";
		};
/* End PBXGroup section */

/* Begin PBXNativeTarget section */
		58D83F1E1F3BBA2C0081510E /* FancyTableView */ = {
			isa = PBXNativeTarget;
			buildConfigurationList = 58D83F311F3BBA2C0081510E /* Build configuration list for PBXNativeTarget "FancyTableView" */;
			buildPhases = (
				58D83F1B1F3BBA2C0081510E /* Sources */,
				58D83F1C1F3BBA2C0081510E /* Frameworks */,
				58D83F1D1F3BBA2C0081510E /* Resources */,
			);
			buildRules = (
			);
			dependencies = (
			);
			name = FancyTableView;
			productName = FancyTableView;
			productReference = 58D83F1F1F3BBA2C0081510E /* FancyTableView.app */;
			productType = "com.apple.product-type.application";
		};
/* End PBXNativeTarget section */

/* Begin PBXProject section */
		58D83F171F3BBA2C0081510E /* Project object */ = {
			isa = PBXProject;
			attributes = {
				LastSwiftUpdateCheck = 0900;
				LastUpgradeCheck = 0900;
				ORGANIZATIONNAME = "Dong, Vincent";
				TargetAttributes = {
					58D83F1E1F3BBA2C0081510E = {
						CreatedOnToolsVersion = 9.0;
					};
				};
			};
			buildConfigurationList = 58D83F1A1F3BBA2C0081510E /* Build configuration list for PBXProject "FancyTableView" */;
			compatibilityVersion = "Xcode 8.0";
			developmentRegion = en;
			hasScannedForEncodings = 0;
			knownRegions = (
				en,
				Base,
			);
			mainGroup = 58D83F161F3BBA2C0081510E;
			productRefGroup = 58D83F201F3BBA2C0081510E /* Products */;
			projectDirPath = "";
			projectRoot = "";
			targets = (
				58D83F1E1F3BBA2C0081510E /* FancyTableView */,
			);
		};
/* End PBXProject section */

/* Begin PBXResourcesBuildPhase section */
		58D83F1D1F3BBA2C0081510E /* Resources */ = {
			isa = PBXResourcesBuildPhase;
			buildActionMask = 2147483647;
			files = (
				58D83F2D1F3BBA2C0081510E /* LaunchScreen.storyboard in Resources */,
				58D83F2A1F3BBA2C0081510E /* Assets.xcassets in Resources */,
				58D83F281F3BBA2C0081510E /* Main.storyboard in Resources */,
			);
			runOnlyForDeploymentPostprocessing = 0;
		};
/* End PBXResourcesBuildPhase section */

/* Begin PBXSourcesBuildPhase section */
		58D83F1B1F3BBA2C0081510E /* Sources */ = {
			isa = PBXSourcesBuildPhase;
			buildActionMask = 2147483647;
			files = (
				58D83F251F3BBA2C0081510E /* ViewController.swift in Sources */,
				58D83F231F3BBA2C0081510E /* AppDelegate.swift in Sources */,
			);
			runOnlyForDeploymentPostprocessing = 0;
		};
/* End PBXSourcesBuildPhase section */

/* Begin PBXVariantGroup section */
		58D83F261F3BBA2C0081510E /* Main.storyboard */ = {
			isa = PBXVariantGroup;
			children = (
				58D83F271F3BBA2C0081510E /* Base */,
			);
			name = Main.storyboard;
			sourceTree = "<group>";
		};
		58D83F2B1F3BBA2C0081510E /* LaunchScreen.storyboard */ = {
			isa = PBXVariantGroup;
			children = (
				58D83F2C1F3BBA2C0081510E /* Base */,
			);
			name = LaunchScreen.storyboard;
			sourceTree = "<group>";
		};
/* End PBXVariantGroup section */

/* Begin XCBuildConfiguration section */
		58D83F2F1F3BBA2C0081510E /* Debug */ = {
			isa = XCBuildConfiguration;
			buildSettings = {
				ALWAYS_SEARCH_USER_PATHS = NO;
				CLANG_ANALYZER_NONNULL = YES;
				CLANG_ANALYZER_NUMBER_OBJECT_CONVERSION = YES_AGGRESSIVE;
				CLANG_CXX_LANGUAGE_STANDARD = "gnu++14";
				CLANG_CXX_LIBRARY = "libc++";
				CLANG_ENABLE_MODULES = YES;
				CLANG_ENABLE_OBJC_ARC = YES;
				CLANG_WARN_BLOCK_CAPTURE_AUTORELEASING = YES;
				CLANG_WARN_BOOL_CONVERSION = YES;
				CLANG_WARN_COMMA = YES;
				CLANG_WARN_CONSTANT_CONVERSION = YES;
				CLANG_WARN_DIRECT_OBJC_ISA_USAGE = YES_ERROR;
				CLANG_WARN_DOCUMENTATION_COMMENTS = YES;
				CLANG_WARN_EMPTY_BODY = YES;
				CLANG_WARN_ENUM_CONVERSION = YES;
				CLANG_WARN_INFINITE_RECURSION = YES;
				CLANG_WARN_INT_CONVERSION = YES;
				CLANG_WARN_NON_LITERAL_NULL_CONVERSION = YES;
				CLANG_WARN_OBJC_LITERAL_CONVERSION = YES;
				CLANG_WARN_OBJC_ROOT_CLASS = YES_ERROR;
				CLANG_WARN_RANGE_LOOP_ANALYSIS = YES;
				CLANG_WARN_STRICT_PROTOTYPES = YES;
				CLANG_WARN_SUSPICIOUS_MOVE = YES;
				CLANG_WARN_UNGUARDED_AVAILABILITY = YES_AGGRESSIVE;
				CLANG_WARN_UNREACHABLE_CODE = YES;
				CLANG_WARN__DUPLICATE_METHOD_MATCH = YES;
				CODE_SIGN_IDENTITY = "iPhone Developer";
				COPY_PHASE_STRIP = NO;
				DEBUG_INFORMATION_FORMAT = dwarf;
				ENABLE_STRICT_OBJC_MSGSEND = YES;
				ENABLE_TESTABILITY = YES;
				GCC_C_LANGUAGE_STANDARD = gnu11;
				GCC_DYNAMIC_NO_PIC = NO;
				GCC_NO_COMMON_BLOCKS = YES;
				GCC_OPTIMIZATION_LEVEL = 0;
				GCC_PREPROCESSOR_DEFINITIONS = (
					"DEBUG=1",
					"$(inherited)",
				);
				GCC_WARN_64_TO_32_BIT_CONVERSION = YES;
				GCC_WARN_ABOUT_RETURN_TYPE = YES_ERROR;
				GCC_WARN_UNDECLARED_SELECTOR = YES;
				GCC_WARN_UNINITIALIZED_AUTOS = YES_AGGRESSIVE;
				GCC_WARN_UNUSED_FUNCTION = YES;
				GCC_WARN_UNUSED_VARIABLE = YES;
				IPHONEOS_DEPLOYMENT_TARGET = 11.0;
				MTL_ENABLE_DEBUG_INFO = YES;
				ONLY_ACTIVE_ARCH = YES;
				SDKROOT = iphoneos;
				SWIFT_ACTIVE_COMPILATION_CONDITIONS = DEBUG;
				SWIFT_OPTIMIZATION_LEVEL = "-Onone";
			};
			name = Debug;
		};
		58D83F301F3BBA2C0081510E /* Release */ = {
			isa = XCBuildConfiguration;
			buildSettings = {
				ALWAYS_SEARCH_USER_PATHS = NO;
				CLANG_ANALYZER_NONNULL = YES;
				CLANG_ANALYZER_NUMBER_OBJECT_CONVERSION = YES_AGGRESSIVE;
				CLANG_CXX_LANGUAGE_STANDARD = "gnu++14";
				CLANG_CXX_LIBRARY = "libc++";
				CLANG_ENABLE_MODULES = YES;
				CLANG_ENABLE_OBJC_ARC = YES;
				CLANG_WARN_BLOCK_CAPTURE_AUTORELEASING = YES;
				CLANG_WARN_BOOL_CONVERSION = YES;
				CLANG_WARN_COMMA = YES;
				CLANG_WARN_CONSTANT_CONVERSION = YES;
				CLANG_WARN_DIRECT_OBJC_ISA_USAGE = YES_ERROR;
				CLANG_WARN_DOCUMENTATION_COMMENTS = YES;
				CLANG_WARN_EMPTY_BODY = YES;
				CLANG_WARN_ENUM_CONVERSION = YES;
				CLANG_WARN_INFINITE_RECURSION = YES;
				CLANG_WARN_INT_CONVERSION = YES;
				CLANG_WARN_NON_LITERAL_NULL_CONVERSION = YES;
				CLANG_WARN_OBJC_LITERAL_CONVERSION = YES;
				CLANG_WARN_OBJC_ROOT_CLASS = YES_ERROR;
				CLANG_WARN_RANGE_LOOP_ANALYSIS = YES;
				CLANG_WARN_STRICT_PROTOTYPES = YES;
				CLANG_WARN_SUSPICIOUS_MOVE = YES;
				CLANG_WARN_UNGUARDED_AVAILABILITY = YES_AGGRESSIVE;
				CLANG_WARN_UNREACHABLE_CODE = YES;
				CLANG_WARN__DUPLICATE_METHOD_MATCH = YES;
				CODE_SIGN_IDENTITY = "iPhone Developer";
				COPY_PHASE_STRIP = NO;
				DEBUG_INFORMATION_FORMAT = "dwarf-with-dsym";
				ENABLE_NS_ASSERTIONS = NO;
				ENABLE_STRICT_OBJC_MSGSEND = YES;
				GCC_C_LANGUAGE_STANDARD = gnu11;
				GCC_NO_COMMON_BLOCKS = YES;
				GCC_WARN_64_TO_32_BIT_CONVERSION = YES;
				GCC_WARN_ABOUT_RETURN_TYPE = YES_ERROR;
				GCC_WARN_UNDECLARED_SELECTOR = YES;
				GCC_WARN_UNINITIALIZED_AUTOS = YES_AGGRESSIVE;
				GCC_WARN_UNUSED_FUNCTION = YES;
				GCC_WARN_UNUSED_VARIABLE = YES;
				IPHONEOS_DEPLOYMENT_TARGET = 11.0;
				MTL_ENABLE_DEBUG_INFO = NO;
				SDKROOT = iphoneos;
				SWIFT_OPTIMIZATION_LEVEL = "-Owholemodule";
				VALIDATE_PRODUCT = YES;
			};
			name = Release;
		};
		58D83F321F3BBA2C0081510E /* Debug */ = {
			isa = XCBuildConfiguration;
			buildSettings = {
				ASSETCATALOG_COMPILER_APPICON_NAME = AppIcon;
				DEVELOPMENT_TEAM = 5KQHG5KX4K;
				INFOPLIST_FILE = FancyTableView/Info.plist;
				LD_RUNPATH_SEARCH_PATHS = "$(inherited) @executable_path/Frameworks";
				PRODUCT_BUNDLE_IDENTIFIER = com.ecg.FancyTableView;
				PRODUCT_NAME = "$(TARGET_NAME)";
				SWIFT_VERSION = 4.0;
				TARGETED_DEVICE_FAMILY = "1,2";
			};
			name = Debug;
		};
		58D83F331F3BBA2C0081510E /* Release */ = {
			isa = XCBuildConfiguration;
			buildSettings = {
				ASSETCATALOG_COMPILER_APPICON_NAME = AppIcon;
				DEVELOPMENT_TEAM = 5KQHG5KX4K;
				INFOPLIST_FILE = FancyTableView/Info.plist;
				LD_RUNPATH_SEARCH_PATHS = "$(inherited) @executable_path/Frameworks";
				PRODUCT_BUNDLE_IDENTIFIER = com.ecg.FancyTableView;
				PRODUCT_NAME = "$(TARGET_NAME)";
				SWIFT_VERSION = 4.0;
				TARGETED_DEVICE_FAMILY = "1,2";
			};
			name = Release;
		};
/* End XCBuildConfiguration section */

/* Begin XCConfigurationList section */
		58D83F1A1F3BBA2C0081510E /* Build configuration list for PBXProject "FancyTableView" */ = {
			isa = XCConfigurationList;
			buildConfigurations = (
				58D83F2F1F3BBA2C0081510E /* Debug */,
				58D83F301F3BBA2C0081510E /* Release */,
			);
			defaultConfigurationIsVisible = 0;
			defaultConfigurationName = Release;
		};
		58D83F311F3BBA2C0081510E /* Build configuration list for PBXNativeTarget "FancyTableView" */ = {
			isa = XCConfigurationList;
			buildConfigurations = (
				58D83F321F3BBA2C0081510E /* Debug */,
				58D83F331F3BBA2C0081510E /* Release */,
			);
			defaultConfigurationIsVisible = 0;
			defaultConfigurationName = Release;
		};
/* End XCConfigurationList section */
	};
	rootObject = 58D83F171F3BBA2C0081510E /* Project object */;
}
