// !$*UTF8*$!
{
	archiveVersion = 1;
	classes = {
	};
	objectVersion = 48;
	objects = {

/* Begin PBXBuildFile section */
		5807B4A01F32D80200DAF954 /* CassiniViewController.swift in Sources */ = {isa = PBXBuildFile; fileRef = 5807B49F1F32D80200DAF954 /* CassiniViewController.swift */; };
		5807B4A21F32E71200DAF954 /* DemoURL.swift in Sources */ = {isa = PBXBuildFile; fileRef = 5807B4A11F32E71200DAF954 /* DemoURL.swift */; };
		58733B5B1F2EE0480027B2AA /* AppDelegate.swift in Sources */ = {isa = PBXBuildFile; fileRef = 58733B5A1F2EE0480027B2AA /* AppDelegate.swift */; };
		58733B601F2EE0480027B2AA /* Main.storyboard in Resources */ = {isa = PBXBuildFile; fileRef = 58733B5E1F2EE0480027B2AA /* Main.storyboard */; };
		58733B621F2EE0480027B2AA /* Assets.xcassets in Resources */ = {isa = PBXBuildFile; fileRef = 58733B611F2EE0480027B2AA /* Assets.xcassets */; };
		58733B651F2EE0480027B2AA /* LaunchScreen.storyboard in Resources */ = {isa = PBXBuildFile; fileRef = 58733B631F2EE0480027B2AA /* LaunchScreen.storyboard */; };
		58733B701F2EE0480027B2AA /* ImageViewTests.swift in Sources */ = {isa = PBXBuildFile; fileRef = 58733B6F1F2EE0480027B2AA /* ImageViewTests.swift */; };
		58733B7B1F2EE0480027B2AA /* ImageViewUITests.swift in Sources */ = {isa = PBXBuildFile; fileRef = 58733B7A1F2EE0480027B2AA /* ImageViewUITests.swift */; };
		58733B8A1F2EE0A90027B2AA /* ImageViewController.swift in Sources */ = {isa = PBXBuildFile; fileRef = 58733B891F2EE0A90027B2AA /* ImageViewController.swift */; };
/* End PBXBuildFile section */

/* Begin PBXContainerItemProxy section */
		58733B6C1F2EE0480027B2AA /* PBXContainerItemProxy */ = {
			isa = PBXContainerItemProxy;
			containerPortal = 58733B4F1F2EE0480027B2AA /* Project object */;
			proxyType = 1;
			remoteGlobalIDString = 58733B561F2EE0480027B2AA;
			remoteInfo = ImageView;
		};
		58733B771F2EE0480027B2AA /* PBXContainerItemProxy */ = {
			isa = PBXContainerItemProxy;
			containerPortal = 58733B4F1F2EE0480027B2AA /* Project object */;
			proxyType = 1;
			remoteGlobalIDString = 58733B561F2EE0480027B2AA;
			remoteInfo = ImageView;
		};
/* End PBXContainerItemProxy section */

/* Begin PBXFileReference section */
		5807B49F1F32D80200DAF954 /* CassiniViewController.swift */ = {isa = PBXFileReference; lastKnownFileType = sourcecode.swift; path = CassiniViewController.swift; sourceTree = "<group>"; };
		5807B4A11F32E71200DAF954 /* DemoURL.swift */ = {isa = PBXFileReference; lastKnownFileType = sourcecode.swift; path = DemoURL.swift; sourceTree = "<group>"; };
		58733B571F2EE0480027B2AA /* ImageView.app */ = {isa = PBXFileReference; explicitFileType = wrapper.application; includeInIndex = 0; path = ImageView.app; sourceTree = BUILT_PRODUCTS_DIR; };
		58733B5A1F2EE0480027B2AA /* AppDelegate.swift */ = {isa = PBXFileReference; lastKnownFileType = sourcecode.swift; path = AppDelegate.swift; sourceTree = "<group>"; };
		58733B5F1F2EE0480027B2AA /* Base */ = {isa = PBXFileReference; lastKnownFileType = file.storyboard; name = Base; path = Base.lproj/Main.storyboard; sourceTree = "<group>"; };
		58733B611F2EE0480027B2AA /* Assets.xcassets */ = {isa = PBXFileReference; lastKnownFileType = folder.assetcatalog; path = Assets.xcassets; sourceTree = "<group>"; };
		58733B641F2EE0480027B2AA /* Base */ = {isa = PBXFileReference; lastKnownFileType = file.storyboard; name = Base; path = Base.lproj/LaunchScreen.storyboard; sourceTree = "<group>"; };
		58733B661F2EE0480027B2AA /* Info.plist */ = {isa = PBXFileReference; lastKnownFileType = text.plist.xml; path = Info.plist; sourceTree = "<group>"; };
		58733B6B1F2EE0480027B2AA /* ImageViewTests.xctest */ = {isa = PBXFileReference; explicitFileType = wrapper.cfbundle; includeInIndex = 0; path = ImageViewTests.xctest; sourceTree = BUILT_PRODUCTS_DIR; };
		58733B6F1F2EE0480027B2AA /* ImageViewTests.swift */ = {isa = PBXFileReference; lastKnownFileType = sourcecode.swift; path = ImageViewTests.swift; sourceTree = "<group>"; };
		58733B711F2EE0480027B2AA /* Info.plist */ = {isa = PBXFileReference; lastKnownFileType = text.plist.xml; path = Info.plist; sourceTree = "<group>"; };
		58733B761F2EE0480027B2AA /* ImageViewUITests.xctest */ = {isa = PBXFileReference; explicitFileType = wrapper.cfbundle; includeInIndex = 0; path = ImageViewUITests.xctest; sourceTree = BUILT_PRODUCTS_DIR; };
		58733B7A1F2EE0480027B2AA /* ImageViewUITests.swift */ = {isa = PBXFileReference; lastKnownFileType = sourcecode.swift; path = ImageViewUITests.swift; sourceTree = "<group>"; };
		58733B7C1F2EE0480027B2AA /* Info.plist */ = {isa = PBXFileReference; lastKnownFileType = text.plist.xml; path = Info.plist; sourceTree = "<group>"; };
		58733B891F2EE0A90027B2AA /* ImageViewController.swift */ = {isa = PBXFileReference; lastKnownFileType = sourcecode.swift; path = ImageViewController.swift; sourceTree = "<group>"; };
/* End PBXFileReference section */

/* Begin PBXFrameworksBuildPhase section */
		58733B541F2EE0480027B2AA /* Frameworks */ = {
			isa = PBXFrameworksBuildPhase;
			buildActionMask = 2147483647;
			files = (
			);
			runOnlyForDeploymentPostprocessing = 0;
		};
		58733B681F2EE0480027B2AA /* Frameworks */ = {
			isa = PBXFrameworksBuildPhase;
			buildActionMask = 2147483647;
			files = (
			);
			runOnlyForDeploymentPostprocessing = 0;
		};
		58733B731F2EE0480027B2AA /* Frameworks */ = {
			isa = PBXFrameworksBuildPhase;
			buildActionMask = 2147483647;
			files = (
			);
			runOnlyForDeploymentPostprocessing = 0;
		};
/* End PBXFrameworksBuildPhase section */

/* Begin PBXGroup section */
		58733B4E1F2EE0480027B2AA = {
			isa = PBXGroup;
			children = (
				58733B591F2EE0480027B2AA /* ImageView */,
				58733B6E1F2EE0480027B2AA /* ImageViewTests */,
				58733B791F2EE0480027B2AA /* ImageViewUITests */,
				58733B581F2EE0480027B2AA /* Products */,
			);
			sourceTree = "<group>";
		};
		58733B581F2EE0480027B2AA /* Products */ = {
			isa = PBXGroup;
			children = (
				58733B571F2EE0480027B2AA /* ImageView.app */,
				58733B6B1F2EE0480027B2AA /* ImageViewTests.xctest */,
				58733B761F2EE0480027B2AA /* ImageViewUITests.xctest */,
			);
			name = Products;
			sourceTree = "<group>";
		};
		58733B591F2EE0480027B2AA /* ImageView */ = {
			isa = PBXGroup;
			children = (
				58733B881F2EE05C0027B2AA /* Supporting Files */,
				58733B5E1F2EE0480027B2AA /* Main.storyboard */,
				58733B661F2EE0480027B2AA /* Info.plist */,
				58733B891F2EE0A90027B2AA /* ImageViewController.swift */,
				5807B49F1F32D80200DAF954 /* CassiniViewController.swift */,
				5807B4A11F32E71200DAF954 /* DemoURL.swift */,
			);
			path = ImageView;
			sourceTree = "<group>";
		};
		58733B6E1F2EE0480027B2AA /* ImageViewTests */ = {
			isa = PBXGroup;
			children = (
				58733B6F1F2EE0480027B2AA /* ImageViewTests.swift */,
				58733B711F2EE0480027B2AA /* Info.plist */,
			);
			path = ImageViewTests;
			sourceTree = "<group>";
		};
		58733B791F2EE0480027B2AA /* ImageViewUITests */ = {
			isa = PBXGroup;
			children = (
				58733B7A1F2EE0480027B2AA /* ImageViewUITests.swift */,
				58733B7C1F2EE0480027B2AA /* Info.plist */,
			);
			path = ImageViewUITests;
			sourceTree = "<group>";
		};
		58733B881F2EE05C0027B2AA /* Supporting Files */ = {
			isa = PBXGroup;
			children = (
				58733B5A1F2EE0480027B2AA /* AppDelegate.swift */,
				58733B611F2EE0480027B2AA /* Assets.xcassets */,
				58733B631F2EE0480027B2AA /* LaunchScreen.storyboard */,
			);
			path = "Supporting Files";
			sourceTree = "<group>";
		};
/* End PBXGroup section */

/* Begin PBXNativeTarget section */
		58733B561F2EE0480027B2AA /* ImageView */ = {
			isa = PBXNativeTarget;
			buildConfigurationList = 58733B7F1F2EE0480027B2AA /* Build configuration list for PBXNativeTarget "ImageView" */;
			buildPhases = (
				58733B531F2EE0480027B2AA /* Sources */,
				58733B541F2EE0480027B2AA /* Frameworks */,
				58733B551F2EE0480027B2AA /* Resources */,
			);
			buildRules = (
			);
			dependencies = (
			);
			name = ImageView;
			productName = ImageView;
			productReference = 58733B571F2EE0480027B2AA /* ImageView.app */;
			productType = "com.apple.product-type.application";
		};
		58733B6A1F2EE0480027B2AA /* ImageViewTests */ = {
			isa = PBXNativeTarget;
			buildConfigurationList = 58733B821F2EE0480027B2AA /* Build configuration list for PBXNativeTarget "ImageViewTests" */;
			buildPhases = (
				58733B671F2EE0480027B2AA /* Sources */,
				58733B681F2EE0480027B2AA /* Frameworks */,
				58733B691F2EE0480027B2AA /* Resources */,
			);
			buildRules = (
			);
			dependencies = (
				58733B6D1F2EE0480027B2AA /* PBXTargetDependency */,
			);
			name = ImageViewTests;
			productName = ImageViewTests;
			productReference = 58733B6B1F2EE0480027B2AA /* ImageViewTests.xctest */;
			productType = "com.apple.product-type.bundle.unit-test";
		};
		58733B751F2EE0480027B2AA /* ImageViewUITests */ = {
			isa = PBXNativeTarget;
			buildConfigurationList = 58733B851F2EE0480027B2AA /* Build configuration list for PBXNativeTarget "ImageViewUITests" */;
			buildPhases = (
				58733B721F2EE0480027B2AA /* Sources */,
				58733B731F2EE0480027B2AA /* Frameworks */,
				58733B741F2EE0480027B2AA /* Resources */,
			);
			buildRules = (
			);
			dependencies = (
				58733B781F2EE0480027B2AA /* PBXTargetDependency */,
			);
			name = ImageViewUITests;
			productName = ImageViewUITests;
			productReference = 58733B761F2EE0480027B2AA /* ImageViewUITests.xctest */;
			productType = "com.apple.product-type.bundle.ui-testing";
		};
/* End PBXNativeTarget section */

/* Begin PBXProject section */
		58733B4F1F2EE0480027B2AA /* Project object */ = {
			isa = PBXProject;
			attributes = {
				LastSwiftUpdateCheck = 0900;
				LastUpgradeCheck = 0900;
				ORGANIZATIONNAME = "Dong, Vincent";
				TargetAttributes = {
					58733B561F2EE0480027B2AA = {
						CreatedOnToolsVersion = 9.0;
					};
					58733B6A1F2EE0480027B2AA = {
						CreatedOnToolsVersion = 9.0;
						TestTargetID = 58733B561F2EE0480027B2AA;
					};
					58733B751F2EE0480027B2AA = {
						CreatedOnToolsVersion = 9.0;
						TestTargetID = 58733B561F2EE0480027B2AA;
					};
				};
			};
			buildConfigurationList = 58733B521F2EE0480027B2AA /* Build configuration list for PBXProject "ImageView" */;
			compatibilityVersion = "Xcode 8.0";
			developmentRegion = en;
			hasScannedForEncodings = 0;
			knownRegions = (
				en,
				Base,
			);
			mainGroup = 58733B4E1F2EE0480027B2AA;
			productRefGroup = 58733B581F2EE0480027B2AA /* Products */;
			projectDirPath = "";
			projectRoot = "";
			targets = (
				58733B561F2EE0480027B2AA /* ImageView */,
				58733B6A1F2EE0480027B2AA /* ImageViewTests */,
				58733B751F2EE0480027B2AA /* ImageViewUITests */,
			);
		};
/* End PBXProject section */

/* Begin PBXResourcesBuildPhase section */
		58733B551F2EE0480027B2AA /* Resources */ = {
			isa = PBXResourcesBuildPhase;
			buildActionMask = 2147483647;
			files = (
				58733B651F2EE0480027B2AA /* LaunchScreen.storyboard in Resources */,
				58733B621F2EE0480027B2AA /* Assets.xcassets in Resources */,
				58733B601F2EE0480027B2AA /* Main.storyboard in Resources */,
			);
			runOnlyForDeploymentPostprocessing = 0;
		};
		58733B691F2EE0480027B2AA /* Resources */ = {
			isa = PBXResourcesBuildPhase;
			buildActionMask = 2147483647;
			files = (
			);
			runOnlyForDeploymentPostprocessing = 0;
		};
		58733B741F2EE0480027B2AA /* Resources */ = {
			isa = PBXResourcesBuildPhase;
			buildActionMask = 2147483647;
			files = (
			);
			runOnlyForDeploymentPostprocessing = 0;
		};
/* End PBXResourcesBuildPhase section */

/* Begin PBXSourcesBuildPhase section */
		58733B531F2EE0480027B2AA /* Sources */ = {
			isa = PBXSourcesBuildPhase;
			buildActionMask = 2147483647;
			files = (
				5807B4A21F32E71200DAF954 /* DemoURL.swift in Sources */,
				58733B8A1F2EE0A90027B2AA /* ImageViewController.swift in Sources */,
				5807B4A01F32D80200DAF954 /* CassiniViewController.swift in Sources */,
				58733B5B1F2EE0480027B2AA /* AppDelegate.swift in Sources */,
			);
			runOnlyForDeploymentPostprocessing = 0;
		};
		58733B671F2EE0480027B2AA /* Sources */ = {
			isa = PBXSourcesBuildPhase;
			buildActionMask = 2147483647;
			files = (
				58733B701F2EE0480027B2AA /* ImageViewTests.swift in Sources */,
			);
			runOnlyForDeploymentPostprocessing = 0;
		};
		58733B721F2EE0480027B2AA /* Sources */ = {
			isa = PBXSourcesBuildPhase;
			buildActionMask = 2147483647;
			files = (
				58733B7B1F2EE0480027B2AA /* ImageViewUITests.swift in Sources */,
			);
			runOnlyForDeploymentPostprocessing = 0;
		};
/* End PBXSourcesBuildPhase section */

/* Begin PBXTargetDependency section */
		58733B6D1F2EE0480027B2AA /* PBXTargetDependency */ = {
			isa = PBXTargetDependency;
			target = 58733B561F2EE0480027B2AA /* ImageView */;
			targetProxy = 58733B6C1F2EE0480027B2AA /* PBXContainerItemProxy */;
		};
		58733B781F2EE0480027B2AA /* PBXTargetDependency */ = {
			isa = PBXTargetDependency;
			target = 58733B561F2EE0480027B2AA /* ImageView */;
			targetProxy = 58733B771F2EE0480027B2AA /* PBXContainerItemProxy */;
		};
/* End PBXTargetDependency section */

/* Begin PBXVariantGroup section */
		58733B5E1F2EE0480027B2AA /* Main.storyboard */ = {
			isa = PBXVariantGroup;
			children = (
				58733B5F1F2EE0480027B2AA /* Base */,
			);
			name = Main.storyboard;
			sourceTree = "<group>";
		};
		58733B631F2EE0480027B2AA /* LaunchScreen.storyboard */ = {
			isa = PBXVariantGroup;
			children = (
				58733B641F2EE0480027B2AA /* Base */,
			);
			name = LaunchScreen.storyboard;
			path = ..;
			sourceTree = "<group>";
		};
/* End PBXVariantGroup section */

/* Begin XCBuildConfiguration section */
		58733B7D1F2EE0480027B2AA /* Debug */ = {
			isa = XCBuildConfiguration;
			buildSettings = {
				ALWAYS_SEARCH_USER_PATHS = NO;
				CLANG_ANALYZER_NONNULL = YES;
				CLANG_ANALYZER_NUMBER_OBJECT_CONVERSION = YES_AGGRESSIVE;
				CLANG_CXX_LANGUAGE_STANDARD = "gnu++14";
				CLANG_CXX_LIBRARY = "libc++";
				CLANG_ENABLE_MODULES = YES;
				CLANG_ENABLE_OBJC_ARC = YES;
				CLANG_WARN_BLOCK_CAPTURE_AUTORELEASING = YES;
				CLANG_WARN_BOOL_CONVERSION = YES;
				CLANG_WARN_COMMA = YES;
				CLANG_WARN_CONSTANT_CONVERSION = YES;
				CLANG_WARN_DIRECT_OBJC_ISA_USAGE = YES_ERROR;
				CLANG_WARN_DOCUMENTATION_COMMENTS = YES;
				CLANG_WARN_EMPTY_BODY = YES;
				CLANG_WARN_ENUM_CONVERSION = YES;
				CLANG_WARN_INFINITE_RECURSION = YES;
				CLANG_WARN_INT_CONVERSION = YES;
				CLANG_WARN_OBJC_ROOT_CLASS = YES_ERROR;
				CLANG_WARN_RANGE_LOOP_ANALYSIS = YES;
				CLANG_WARN_STRICT_PROTOTYPES = YES;
				CLANG_WARN_SUSPICIOUS_MOVE = YES;
				CLANG_WARN_UNGUARDED_AVAILABILITY = YES_AGGRESSIVE;
				CLANG_WARN_UNREACHABLE_CODE = YES;
				CLANG_WARN__DUPLICATE_METHOD_MATCH = YES;
				CODE_SIGN_IDENTITY = "iPhone Developer";
				COPY_PHASE_STRIP = NO;
				DEBUG_INFORMATION_FORMAT = dwarf;
				ENABLE_STRICT_OBJC_MSGSEND = YES;
				ENABLE_TESTABILITY = YES;
				GCC_C_LANGUAGE_STANDARD = gnu11;
				GCC_DYNAMIC_NO_PIC = NO;
				GCC_NO_COMMON_BLOCKS = YES;
				GCC_OPTIMIZATION_LEVEL = 0;
				GCC_PREPROCESSOR_DEFINITIONS = (
					"DEBUG=1",
					"$(inherited)",
				);
				GCC_WARN_64_TO_32_BIT_CONVERSION = YES;
				GCC_WARN_ABOUT_RETURN_TYPE = YES_ERROR;
				GCC_WARN_UNDECLARED_SELECTOR = YES;
				GCC_WARN_UNINITIALIZED_AUTOS = YES_AGGRESSIVE;
				GCC_WARN_UNUSED_FUNCTION = YES;
				GCC_WARN_UNUSED_VARIABLE = YES;
				IPHONEOS_DEPLOYMENT_TARGET = 11.0;
				MTL_ENABLE_DEBUG_INFO = YES;
				ONLY_ACTIVE_ARCH = YES;
				SDKROOT = iphoneos;
				SWIFT_ACTIVE_COMPILATION_CONDITIONS = DEBUG;
				SWIFT_OPTIMIZATION_LEVEL = "-Onone";
			};
			name = Debug;
		};
		58733B7E1F2EE0480027B2AA /* Release */ = {
			isa = XCBuildConfiguration;
			buildSettings = {
				ALWAYS_SEARCH_USER_PATHS = NO;
				CLANG_ANALYZER_NONNULL = YES;
				CLANG_ANALYZER_NUMBER_OBJECT_CONVERSION = YES_AGGRESSIVE;
				CLANG_CXX_LANGUAGE_STANDARD = "gnu++14";
				CLANG_CXX_LIBRARY = "libc++";
				CLANG_ENABLE_MODULES = YES;
				CLANG_ENABLE_OBJC_ARC = YES;
				CLANG_WARN_BLOCK_CAPTURE_AUTORELEASING = YES;
				CLANG_WARN_BOOL_CONVERSION = YES;
				CLANG_WARN_COMMA = YES;
				CLANG_WARN_CONSTANT_CONVERSION = YES;
				CLANG_WARN_DIRECT_OBJC_ISA_USAGE = YES_ERROR;
				CLANG_WARN_DOCUMENTATION_COMMENTS = YES;
				CLANG_WARN_EMPTY_BODY = YES;
				CLANG_WARN_ENUM_CONVERSION = YES;
				CLANG_WARN_INFINITE_RECURSION = YES;
				CLANG_WARN_INT_CONVERSION = YES;
				CLANG_WARN_OBJC_ROOT_CLASS = YES_ERROR;
				CLANG_WARN_RANGE_LOOP_ANALYSIS = YES;
				CLANG_WARN_STRICT_PROTOTYPES = YES;
				CLANG_WARN_SUSPICIOUS_MOVE = YES;
				CLANG_WARN_UNGUARDED_AVAILABILITY = YES_AGGRESSIVE;
				CLANG_WARN_UNREACHABLE_CODE = YES;
				CLANG_WARN__DUPLICATE_METHOD_MATCH = YES;
				CODE_SIGN_IDENTITY = "iPhone Developer";
				COPY_PHASE_STRIP = NO;
				DEBUG_INFORMATION_FORMAT = "dwarf-with-dsym";
				ENABLE_NS_ASSERTIONS = NO;
				ENABLE_STRICT_OBJC_MSGSEND = YES;
				GCC_C_LANGUAGE_STANDARD = gnu11;
				GCC_NO_COMMON_BLOCKS = YES;
				GCC_WARN_64_TO_32_BIT_CONVERSION = YES;
				GCC_WARN_ABOUT_RETURN_TYPE = YES_ERROR;
				GCC_WARN_UNDECLARED_SELECTOR = YES;
				GCC_WARN_UNINITIALIZED_AUTOS = YES_AGGRESSIVE;
				GCC_WARN_UNUSED_FUNCTION = YES;
				GCC_WARN_UNUSED_VARIABLE = YES;
				IPHONEOS_DEPLOYMENT_TARGET = 11.0;
				MTL_ENABLE_DEBUG_INFO = NO;
				SDKROOT = iphoneos;
				SWIFT_OPTIMIZATION_LEVEL = "-Owholemodule";
				VALIDATE_PRODUCT = YES;
			};
			name = Release;
		};
		58733B801F2EE0480027B2AA /* Debug */ = {
			isa = XCBuildConfiguration;
			buildSettings = {
				ASSETCATALOG_COMPILER_APPICON_NAME = AppIcon;
				INFOPLIST_FILE = ImageView/Info.plist;
				LD_RUNPATH_SEARCH_PATHS = "$(inherited) @executable_path/Frameworks";
				PRODUCT_BUNDLE_IDENTIFIER = com.vincent.ImageView;
				PRODUCT_NAME = "$(TARGET_NAME)";
				SWIFT_VERSION = 4.0;
				TARGETED_DEVICE_FAMILY = "1,2";
			};
			name = Debug;
		};
		58733B811F2EE0480027B2AA /* Release */ = {
			isa = XCBuildConfiguration;
			buildSettings = {
				ASSETCATALOG_COMPILER_APPICON_NAME = AppIcon;
				INFOPLIST_FILE = ImageView/Info.plist;
				LD_RUNPATH_SEARCH_PATHS = "$(inherited) @executable_path/Frameworks";
				PRODUCT_BUNDLE_IDENTIFIER = com.vincent.ImageView;
				PRODUCT_NAME = "$(TARGET_NAME)";
				SWIFT_VERSION = 4.0;
				TARGETED_DEVICE_FAMILY = "1,2";
			};
			name = Release;
		};
		58733B831F2EE0480027B2AA /* Debug */ = {
			isa = XCBuildConfiguration;
			buildSettings = {
				ALWAYS_EMBED_SWIFT_STANDARD_LIBRARIES = YES;
				BUNDLE_LOADER = "$(TEST_HOST)";
				INFOPLIST_FILE = ImageViewTests/Info.plist;
				LD_RUNPATH_SEARCH_PATHS = "$(inherited) @executable_path/Frameworks @loader_path/Frameworks";
				PRODUCT_BUNDLE_IDENTIFIER = com.vincent.ImageViewTests;
				PRODUCT_NAME = "$(TARGET_NAME)";
				SWIFT_VERSION = 4.0;
				TARGETED_DEVICE_FAMILY = "1,2";
				TEST_HOST = "$(BUILT_PRODUCTS_DIR)/ImageView.app/ImageView";
			};
			name = Debug;
		};
		58733B841F2EE0480027B2AA /* Release */ = {
			isa = XCBuildConfiguration;
			buildSettings = {
				ALWAYS_EMBED_SWIFT_STANDARD_LIBRARIES = YES;
				BUNDLE_LOADER = "$(TEST_HOST)";
				INFOPLIST_FILE = ImageViewTests/Info.plist;
				LD_RUNPATH_SEARCH_PATHS = "$(inherited) @executable_path/Frameworks @loader_path/Frameworks";
				PRODUCT_BUNDLE_IDENTIFIER = com.vincent.ImageViewTests;
				PRODUCT_NAME = "$(TARGET_NAME)";
				SWIFT_VERSION = 4.0;
				TARGETED_DEVICE_FAMILY = "1,2";
				TEST_HOST = "$(BUILT_PRODUCTS_DIR)/ImageView.app/ImageView";
			};
			name = Release;
		};
		58733B861F2EE0480027B2AA /* Debug */ = {
			isa = XCBuildConfiguration;
			buildSettings = {
				ALWAYS_EMBED_SWIFT_STANDARD_LIBRARIES = YES;
				INFOPLIST_FILE = ImageViewUITests/Info.plist;
				LD_RUNPATH_SEARCH_PATHS = "$(inherited) @executable_path/Frameworks @loader_path/Frameworks";
				PRODUCT_BUNDLE_IDENTIFIER = com.vincent.ImageViewUITests;
				PRODUCT_NAME = "$(TARGET_NAME)";
				SWIFT_VERSION = 4.0;
				TARGETED_DEVICE_FAMILY = "1,2";
				TEST_TARGET_NAME = ImageView;
			};
			name = Debug;
		};
		58733B871F2EE0480027B2AA /* Release */ = {
			isa = XCBuildConfiguration;
			buildSettings = {
				ALWAYS_EMBED_SWIFT_STANDARD_LIBRARIES = YES;
				INFOPLIST_FILE = ImageViewUITests/Info.plist;
				LD_RUNPATH_SEARCH_PATHS = "$(inherited) @executable_path/Frameworks @loader_path/Frameworks";
				PRODUCT_BUNDLE_IDENTIFIER = com.vincent.ImageViewUITests;
				PRODUCT_NAME = "$(TARGET_NAME)";
				SWIFT_VERSION = 4.0;
				TARGETED_DEVICE_FAMILY = "1,2";
				TEST_TARGET_NAME = ImageView;
			};
			name = Release;
		};
/* End XCBuildConfiguration section */

/* Begin XCConfigurationList section */
		58733B521F2EE0480027B2AA /* Build configuration list for PBXProject "ImageView" */ = {
			isa = XCConfigurationList;
			buildConfigurations = (
				58733B7D1F2EE0480027B2AA /* Debug */,
				58733B7E1F2EE0480027B2AA /* Release */,
			);
			defaultConfigurationIsVisible = 0;
			defaultConfigurationName = Release;
		};
		58733B7F1F2EE0480027B2AA /* Build configuration list for PBXNativeTarget "ImageView" */ = {
			isa = XCConfigurationList;
			buildConfigurations = (
				58733B801F2EE0480027B2AA /* Debug */,
				58733B811F2EE0480027B2AA /* Release */,
			);
			defaultConfigurationIsVisible = 0;
			defaultConfigurationName = Release;
		};
		58733B821F2EE0480027B2AA /* Build configuration list for PBXNativeTarget "ImageViewTests" */ = {
			isa = XCConfigurationList;
			buildConfigurations = (
				58733B831F2EE0480027B2AA /* Debug */,
				58733B841F2EE0480027B2AA /* Release */,
			);
			defaultConfigurationIsVisible = 0;
			defaultConfigurationName = Release;
		};
		58733B851F2EE0480027B2AA /* Build configuration list for PBXNativeTarget "ImageViewUITests" */ = {
			isa = XCConfigurationList;
			buildConfigurations = (
				58733B861F2EE0480027B2AA /* Debug */,
				58733B871F2EE0480027B2AA /* Release */,
			);
			defaultConfigurationIsVisible = 0;
			defaultConfigurationName = Release;
		};
/* End XCConfigurationList section */
	};
	rootObject = 58733B4F1F2EE0480027B2AA /* Project object */;
}
